// !$*UTF8*$!
{
	archiveVersion = 1;
	classes = {
	};
	objectVersion = 50;
	objects = {

/* Begin PBXBuildFile section */
		0333FD032127416C0040B548 /* AppDelegate.swift in Sources */ = {isa = PBXBuildFile; fileRef = 0333FD022127416C0040B548 /* AppDelegate.swift */; };
		0333FD082127416C0040B548 /* Main.storyboard in Resources */ = {isa = PBXBuildFile; fileRef = 0333FD062127416C0040B548 /* Main.storyboard */; };
		0333FD0A2127416D0040B548 /* Assets.xcassets in Resources */ = {isa = PBXBuildFile; fileRef = 0333FD092127416D0040B548 /* Assets.xcassets */; };
		0333FD0D2127416D0040B548 /* LaunchScreen.storyboard in Resources */ = {isa = PBXBuildFile; fileRef = 0333FD0B2127416D0040B548 /* LaunchScreen.storyboard */; };
		0333FD232127416D0040B548 /* Fibonacci_FunUITests.swift in Sources */ = {isa = PBXBuildFile; fileRef = 0333FD222127416D0040B548 /* Fibonacci_FunUITests.swift */; };
		0333FD35212743DE0040B548 /* HomeViewController.swift in Sources */ = {isa = PBXBuildFile; fileRef = 0333FD34212743DE0040B548 /* HomeViewController.swift */; };
		0333FD37212744020040B548 /* FibonacciCalculator.swift in Sources */ = {isa = PBXBuildFile; fileRef = 0333FD36212744020040B548 /* FibonacciCalculator.swift */; };
		0333FD3A212745620040B548 /* FibonacciCalculationResult.swift in Sources */ = {isa = PBXBuildFile; fileRef = 0333FD39212745620040B548 /* FibonacciCalculationResult.swift */; };
		0333FD3C212753310040B548 /* FibonacciCalculatorTests.swift in Sources */ = {isa = PBXBuildFile; fileRef = 0333FD3B212753310040B548 /* FibonacciCalculatorTests.swift */; };
		0333FD3E21276DDD0040B548 /* SuperInt.swift in Sources */ = {isa = PBXBuildFile; fileRef = 0333FD3D21276DDD0040B548 /* SuperInt.swift */; };
		0333FD40212773370040B548 /* SuperIntCalculator.swift in Sources */ = {isa = PBXBuildFile; fileRef = 0333FD3F212773370040B548 /* SuperIntCalculator.swift */; };
		0333FD4221277B0D0040B548 /* SuperIntCalculatorTests.swift in Sources */ = {isa = PBXBuildFile; fileRef = 0333FD4121277B0D0040B548 /* SuperIntCalculatorTests.swift */; };
		0333FD462127B7C80040B548 /* SuperIntNumberFormatter.swift in Sources */ = {isa = PBXBuildFile; fileRef = 0333FD452127B7C80040B548 /* SuperIntNumberFormatter.swift */; };
		0333FD482127C3F20040B548 /* String+SuperInt.swift in Sources */ = {isa = PBXBuildFile; fileRef = 0333FD472127C3F20040B548 /* String+SuperInt.swift */; };
		0333FD4D21286E020040B548 /* SequenceCell.swift in Sources */ = {isa = PBXBuildFile; fileRef = 0333FD4C21286E020040B548 /* SequenceCell.swift */; };
		0333FD50212873190040B548 /* UITableView+Fib.swift in Sources */ = {isa = PBXBuildFile; fileRef = 0333FD4F212873190040B548 /* UITableView+Fib.swift */; };
		0333FD5221287D140040B548 /* TimeInterval+Fib.swift in Sources */ = {isa = PBXBuildFile; fileRef = 0333FD5121287D140040B548 /* TimeInterval+Fib.swift */; };
		0333FD542128DE070040B548 /* UIViewController+Fib.swift in Sources */ = {isa = PBXBuildFile; fileRef = 0333FD532128DE070040B548 /* UIViewController+Fib.swift */; };
		0333FD572128E10A0040B548 /* CalculationHistoryManager.swift in Sources */ = {isa = PBXBuildFile; fileRef = 0333FD562128E10A0040B548 /* CalculationHistoryManager.swift */; };
		0333FD592128E2F40040B548 /* HistoryViewController.swift in Sources */ = {isa = PBXBuildFile; fileRef = 0333FD582128E2F40040B548 /* HistoryViewController.swift */; };
		0333FD5B2128E3DD0040B548 /* HistoryCell.swift in Sources */ = {isa = PBXBuildFile; fileRef = 0333FD5A2128E3DD0040B548 /* HistoryCell.swift */; };
		0333FD5D212A09A80040B548 /* Double+Fib.swift in Sources */ = {isa = PBXBuildFile; fileRef = 0333FD5C212A09A80040B548 /* Double+Fib.swift */; };
		97C8063E5BE3CE390BBD99A7 /* Pods_Fibonacci_FunTests.framework in Frameworks */ = {isa = PBXBuildFile; fileRef = 226699B2B633848ACF446F53 /* Pods_Fibonacci_FunTests.framework */; };
		9F137299DF99BAF1E0B4418A /* Pods_Fibonacci_Fun.framework in Frameworks */ = {isa = PBXBuildFile; fileRef = C048527D197B6A1D702B052C /* Pods_Fibonacci_Fun.framework */; };
		E3599D3A60C7EC2F324289CF /* Pods_Fibonacci_FunUITests.framework in Frameworks */ = {isa = PBXBuildFile; fileRef = 1DAD93C1FBA6734A9EF2BA01 /* Pods_Fibonacci_FunUITests.framework */; };
/* End PBXBuildFile section */

/* Begin PBXContainerItemProxy section */
		0333FD142127416D0040B548 /* PBXContainerItemProxy */ = {
			isa = PBXContainerItemProxy;
			containerPortal = 0333FCF72127416C0040B548 /* Project object */;
			proxyType = 1;
			remoteGlobalIDString = 0333FCFE2127416C0040B548;
			remoteInfo = "Fibonacci Fun";
		};
		0333FD1F2127416D0040B548 /* PBXContainerItemProxy */ = {
			isa = PBXContainerItemProxy;
			containerPortal = 0333FCF72127416C0040B548 /* Project object */;
			proxyType = 1;
			remoteGlobalIDString = 0333FCFE2127416C0040B548;
			remoteInfo = "Fibonacci Fun";
		};
/* End PBXContainerItemProxy section */

/* Begin PBXFileReference section */
		0333FCFF2127416C0040B548 /* Fibonacci Fun.app */ = {isa = PBXFileReference; explicitFileType = wrapper.application; includeInIndex = 0; path = "Fibonacci Fun.app"; sourceTree = BUILT_PRODUCTS_DIR; };
		0333FD022127416C0040B548 /* AppDelegate.swift */ = {isa = PBXFileReference; lastKnownFileType = sourcecode.swift; path = AppDelegate.swift; sourceTree = "<group>"; };
		0333FD072127416C0040B548 /* Base */ = {isa = PBXFileReference; lastKnownFileType = file.storyboard; name = Base; path = Base.lproj/Main.storyboard; sourceTree = "<group>"; };
		0333FD092127416D0040B548 /* Assets.xcassets */ = {isa = PBXFileReference; lastKnownFileType = folder.assetcatalog; path = Assets.xcassets; sourceTree = "<group>"; };
		0333FD0C2127416D0040B548 /* Base */ = {isa = PBXFileReference; lastKnownFileType = file.storyboard; name = Base; path = Base.lproj/LaunchScreen.storyboard; sourceTree = "<group>"; };
		0333FD0E2127416D0040B548 /* Info.plist */ = {isa = PBXFileReference; lastKnownFileType = text.plist.xml; path = Info.plist; sourceTree = "<group>"; };
		0333FD132127416D0040B548 /* Fibonacci FunTests.xctest */ = {isa = PBXFileReference; explicitFileType = wrapper.cfbundle; includeInIndex = 0; path = "Fibonacci FunTests.xctest"; sourceTree = BUILT_PRODUCTS_DIR; };
		0333FD192127416D0040B548 /* Info.plist */ = {isa = PBXFileReference; lastKnownFileType = text.plist.xml; path = Info.plist; sourceTree = "<group>"; };
		0333FD1E2127416D0040B548 /* Fibonacci FunUITests.xctest */ = {isa = PBXFileReference; explicitFileType = wrapper.cfbundle; includeInIndex = 0; path = "Fibonacci FunUITests.xctest"; sourceTree = BUILT_PRODUCTS_DIR; };
		0333FD222127416D0040B548 /* Fibonacci_FunUITests.swift */ = {isa = PBXFileReference; lastKnownFileType = sourcecode.swift; path = Fibonacci_FunUITests.swift; sourceTree = "<group>"; };
		0333FD242127416D0040B548 /* Info.plist */ = {isa = PBXFileReference; lastKnownFileType = text.plist.xml; path = Info.plist; sourceTree = "<group>"; };
		0333FD34212743DE0040B548 /* HomeViewController.swift */ = {isa = PBXFileReference; lastKnownFileType = sourcecode.swift; path = HomeViewController.swift; sourceTree = "<group>"; };
		0333FD36212744020040B548 /* FibonacciCalculator.swift */ = {isa = PBXFileReference; lastKnownFileType = sourcecode.swift; path = FibonacciCalculator.swift; sourceTree = "<group>"; };
		0333FD39212745620040B548 /* FibonacciCalculationResult.swift */ = {isa = PBXFileReference; lastKnownFileType = sourcecode.swift; path = FibonacciCalculationResult.swift; sourceTree = "<group>"; };
		0333FD3B212753310040B548 /* FibonacciCalculatorTests.swift */ = {isa = PBXFileReference; lastKnownFileType = sourcecode.swift; path = FibonacciCalculatorTests.swift; sourceTree = "<group>"; };
		0333FD3D21276DDD0040B548 /* SuperInt.swift */ = {isa = PBXFileReference; lastKnownFileType = sourcecode.swift; path = SuperInt.swift; sourceTree = "<group>"; };
		0333FD3F212773370040B548 /* SuperIntCalculator.swift */ = {isa = PBXFileReference; lastKnownFileType = sourcecode.swift; path = SuperIntCalculator.swift; sourceTree = "<group>"; };
		0333FD4121277B0D0040B548 /* SuperIntCalculatorTests.swift */ = {isa = PBXFileReference; lastKnownFileType = sourcecode.swift; path = SuperIntCalculatorTests.swift; sourceTree = "<group>"; };
		0333FD452127B7C80040B548 /* SuperIntNumberFormatter.swift */ = {isa = PBXFileReference; lastKnownFileType = sourcecode.swift; path = SuperIntNumberFormatter.swift; sourceTree = "<group>"; };
		0333FD472127C3F20040B548 /* String+SuperInt.swift */ = {isa = PBXFileReference; lastKnownFileType = sourcecode.swift; path = "String+SuperInt.swift"; sourceTree = "<group>"; };
		0333FD4C21286E020040B548 /* SequenceCell.swift */ = {isa = PBXFileReference; lastKnownFileType = sourcecode.swift; path = SequenceCell.swift; sourceTree = "<group>"; };
		0333FD4F212873190040B548 /* UITableView+Fib.swift */ = {isa = PBXFileReference; lastKnownFileType = sourcecode.swift; path = "UITableView+Fib.swift"; sourceTree = "<group>"; };
		0333FD5121287D140040B548 /* TimeInterval+Fib.swift */ = {isa = PBXFileReference; lastKnownFileType = sourcecode.swift; path = "TimeInterval+Fib.swift"; sourceTree = "<group>"; };
		0333FD532128DE070040B548 /* UIViewController+Fib.swift */ = {isa = PBXFileReference; lastKnownFileType = sourcecode.swift; path = "UIViewController+Fib.swift"; sourceTree = "<group>"; };
		0333FD562128E10A0040B548 /* CalculationHistoryManager.swift */ = {isa = PBXFileReference; lastKnownFileType = sourcecode.swift; path = CalculationHistoryManager.swift; sourceTree = "<group>"; };
		0333FD582128E2F40040B548 /* HistoryViewController.swift */ = {isa = PBXFileReference; lastKnownFileType = sourcecode.swift; path = HistoryViewController.swift; sourceTree = "<group>"; };
		0333FD5A2128E3DD0040B548 /* HistoryCell.swift */ = {isa = PBXFileReference; lastKnownFileType = sourcecode.swift; path = HistoryCell.swift; sourceTree = "<group>"; };
		0333FD5C212A09A80040B548 /* Double+Fib.swift */ = {isa = PBXFileReference; lastKnownFileType = sourcecode.swift; path = "Double+Fib.swift"; sourceTree = "<group>"; };
		1DAD93C1FBA6734A9EF2BA01 /* Pods_Fibonacci_FunUITests.framework */ = {isa = PBXFileReference; explicitFileType = wrapper.framework; includeInIndex = 0; path = Pods_Fibonacci_FunUITests.framework; sourceTree = BUILT_PRODUCTS_DIR; };
		226699B2B633848ACF446F53 /* Pods_Fibonacci_FunTests.framework */ = {isa = PBXFileReference; explicitFileType = wrapper.framework; includeInIndex = 0; path = Pods_Fibonacci_FunTests.framework; sourceTree = BUILT_PRODUCTS_DIR; };
		2E317F7C62101E99E330CC1B /* Pods-Fibonacci FunTests.debug.xcconfig */ = {isa = PBXFileReference; includeInIndex = 1; lastKnownFileType = text.xcconfig; name = "Pods-Fibonacci FunTests.debug.xcconfig"; path = "Pods/Target Support Files/Pods-Fibonacci FunTests/Pods-Fibonacci FunTests.debug.xcconfig"; sourceTree = "<group>"; };
		2E776B61B78E7E8D3394EF9D /* Pods-Fibonacci Fun.debug.xcconfig */ = {isa = PBXFileReference; includeInIndex = 1; lastKnownFileType = text.xcconfig; name = "Pods-Fibonacci Fun.debug.xcconfig"; path = "Pods/Target Support Files/Pods-Fibonacci Fun/Pods-Fibonacci Fun.debug.xcconfig"; sourceTree = "<group>"; };
		4355DD8DC56B9622FCE54A78 /* Pods-Fibonacci FunTests.release.xcconfig */ = {isa = PBXFileReference; includeInIndex = 1; lastKnownFileType = text.xcconfig; name = "Pods-Fibonacci FunTests.release.xcconfig"; path = "Pods/Target Support Files/Pods-Fibonacci FunTests/Pods-Fibonacci FunTests.release.xcconfig"; sourceTree = "<group>"; };
		837B4EC58EE0E0A2567D4A5E /* Pods-Fibonacci FunUITests.debug.xcconfig */ = {isa = PBXFileReference; includeInIndex = 1; lastKnownFileType = text.xcconfig; name = "Pods-Fibonacci FunUITests.debug.xcconfig"; path = "Pods/Target Support Files/Pods-Fibonacci FunUITests/Pods-Fibonacci FunUITests.debug.xcconfig"; sourceTree = "<group>"; };
		99C603B70186BE293871E37B /* Pods-Fibonacci FunUITests.release.xcconfig */ = {isa = PBXFileReference; includeInIndex = 1; lastKnownFileType = text.xcconfig; name = "Pods-Fibonacci FunUITests.release.xcconfig"; path = "Pods/Target Support Files/Pods-Fibonacci FunUITests/Pods-Fibonacci FunUITests.release.xcconfig"; sourceTree = "<group>"; };
		B85D38E3CA48250AB7EA2A7F /* Pods-Fibonacci Fun.release.xcconfig */ = {isa = PBXFileReference; includeInIndex = 1; lastKnownFileType = text.xcconfig; name = "Pods-Fibonacci Fun.release.xcconfig"; path = "Pods/Target Support Files/Pods-Fibonacci Fun/Pods-Fibonacci Fun.release.xcconfig"; sourceTree = "<group>"; };
		C048527D197B6A1D702B052C /* Pods_Fibonacci_Fun.framework */ = {isa = PBXFileReference; explicitFileType = wrapper.framework; includeInIndex = 0; path = Pods_Fibonacci_Fun.framework; sourceTree = BUILT_PRODUCTS_DIR; };
/* End PBXFileReference section */

/* Begin PBXFrameworksBuildPhase section */
		0333FCFC2127416C0040B548 /* Frameworks */ = {
			isa = PBXFrameworksBuildPhase;
			buildActionMask = 2147483647;
			files = (
				9F137299DF99BAF1E0B4418A /* Pods_Fibonacci_Fun.framework in Frameworks */,
			);
			runOnlyForDeploymentPostprocessing = 0;
		};
		0333FD102127416D0040B548 /* Frameworks */ = {
			isa = PBXFrameworksBuildPhase;
			buildActionMask = 2147483647;
			files = (
				97C8063E5BE3CE390BBD99A7 /* Pods_Fibonacci_FunTests.framework in Frameworks */,
			);
			runOnlyForDeploymentPostprocessing = 0;
		};
		0333FD1B2127416D0040B548 /* Frameworks */ = {
			isa = PBXFrameworksBuildPhase;
			buildActionMask = 2147483647;
			files = (
				E3599D3A60C7EC2F324289CF /* Pods_Fibonacci_FunUITests.framework in Frameworks */,
			);
			runOnlyForDeploymentPostprocessing = 0;
		};
/* End PBXFrameworksBuildPhase section */

/* Begin PBXGroup section */
		0333FCF62127416C0040B548 = {
			isa = PBXGroup;
			children = (
				0333FD012127416C0040B548 /* Fibonacci Fun */,
				0333FD162127416D0040B548 /* Fibonacci FunTests */,
				0333FD212127416D0040B548 /* Fibonacci FunUITests */,
				0333FD002127416C0040B548 /* Products */,
				A70F69AE08DB6BBFA03B0CF9 /* Pods */,
				EAB2C1D26070424859A074E4 /* Frameworks */,
			);
			sourceTree = "<group>";
		};
		0333FD002127416C0040B548 /* Products */ = {
			isa = PBXGroup;
			children = (
				0333FCFF2127416C0040B548 /* Fibonacci Fun.app */,
				0333FD132127416D0040B548 /* Fibonacci FunTests.xctest */,
				0333FD1E2127416D0040B548 /* Fibonacci FunUITests.xctest */,
			);
			name = Products;
			sourceTree = "<group>";
		};
		0333FD012127416C0040B548 /* Fibonacci Fun */ = {
			isa = PBXGroup;
			children = (
				0333FD022127416C0040B548 /* AppDelegate.swift */,
				0333FD0E2127416D0040B548 /* Info.plist */,
				0333FD31212741980040B548 /* View */,
				0333FD322127419C0040B548 /* Controller */,
				0333FD382127446A0040B548 /* Fibonacci Calculator */,
				0333FD552128E0F00040B548 /* Data Persistence */,
				0333FD4E212873010040B548 /* Extensions */,
				0333FD33212741CD0040B548 /* Assets */,
			);
			path = "Fibonacci Fun";
			sourceTree = "<group>";
		};
		0333FD162127416D0040B548 /* Fibonacci FunTests */ = {
			isa = PBXGroup;
			children = (
				0333FD3B212753310040B548 /* FibonacciCalculatorTests.swift */,
				0333FD4121277B0D0040B548 /* SuperIntCalculatorTests.swift */,
				0333FD192127416D0040B548 /* Info.plist */,
			);
			path = "Fibonacci FunTests";
			sourceTree = "<group>";
		};
		0333FD212127416D0040B548 /* Fibonacci FunUITests */ = {
			isa = PBXGroup;
			children = (
				0333FD222127416D0040B548 /* Fibonacci_FunUITests.swift */,
				0333FD242127416D0040B548 /* Info.plist */,
			);
			path = "Fibonacci FunUITests";
			sourceTree = "<group>";
		};
		0333FD31212741980040B548 /* View */ = {
			isa = PBXGroup;
			children = (
				0333FD062127416C0040B548 /* Main.storyboard */,
				0333FD0B2127416D0040B548 /* LaunchScreen.storyboard */,
				0333FD4B21286DE50040B548 /* Table Cells */,
			);
			path = View;
			sourceTree = "<group>";
		};
		0333FD322127419C0040B548 /* Controller */ = {
			isa = PBXGroup;
			children = (
				0333FD34212743DE0040B548 /* HomeViewController.swift */,
				0333FD582128E2F40040B548 /* HistoryViewController.swift */,
			);
			path = Controller;
			sourceTree = "<group>";
		};
		0333FD33212741CD0040B548 /* Assets */ = {
			isa = PBXGroup;
			children = (
				0333FD092127416D0040B548 /* Assets.xcassets */,
			);
			path = Assets;
			sourceTree = "<group>";
		};
		0333FD382127446A0040B548 /* Fibonacci Calculator */ = {
			isa = PBXGroup;
			children = (
				0333FD36212744020040B548 /* FibonacciCalculator.swift */,
				0333FD39212745620040B548 /* FibonacciCalculationResult.swift */,
				0333FD442127B74B0040B548 /* Super Int */,
			);
			path = "Fibonacci Calculator";
			sourceTree = "<group>";
		};
		0333FD442127B74B0040B548 /* Super Int */ = {
			isa = PBXGroup;
			children = (
				0333FD3D21276DDD0040B548 /* SuperInt.swift */,
				0333FD3F212773370040B548 /* SuperIntCalculator.swift */,
				0333FD452127B7C80040B548 /* SuperIntNumberFormatter.swift */,
				0333FD472127C3F20040B548 /* String+SuperInt.swift */,
			);
			path = "Super Int";
			sourceTree = "<group>";
		};
		0333FD4B21286DE50040B548 /* Table Cells */ = {
			isa = PBXGroup;
			children = (
				0333FD4C21286E020040B548 /* SequenceCell.swift */,
				0333FD5A2128E3DD0040B548 /* HistoryCell.swift */,
			);
			path = "Table Cells";
			sourceTree = "<group>";
		};
		0333FD4E212873010040B548 /* Extensions */ = {
			isa = PBXGroup;
			children = (
				0333FD4F212873190040B548 /* UITableView+Fib.swift */,
				0333FD5121287D140040B548 /* TimeInterval+Fib.swift */,
				0333FD5C212A09A80040B548 /* Double+Fib.swift */,
				0333FD532128DE070040B548 /* UIViewController+Fib.swift */,
			);
			path = Extensions;
			sourceTree = "<group>";
		};
		0333FD552128E0F00040B548 /* Data Persistence */ = {
			isa = PBXGroup;
			children = (
				0333FD562128E10A0040B548 /* CalculationHistoryManager.swift */,
			);
			path = "Data Persistence";
			sourceTree = "<group>";
		};
		A70F69AE08DB6BBFA03B0CF9 /* Pods */ = {
			isa = PBXGroup;
			children = (
				2E776B61B78E7E8D3394EF9D /* Pods-Fibonacci Fun.debug.xcconfig */,
				B85D38E3CA48250AB7EA2A7F /* Pods-Fibonacci Fun.release.xcconfig */,
				2E317F7C62101E99E330CC1B /* Pods-Fibonacci FunTests.debug.xcconfig */,
				4355DD8DC56B9622FCE54A78 /* Pods-Fibonacci FunTests.release.xcconfig */,
				837B4EC58EE0E0A2567D4A5E /* Pods-Fibonacci FunUITests.debug.xcconfig */,
				99C603B70186BE293871E37B /* Pods-Fibonacci FunUITests.release.xcconfig */,
			);
			name = Pods;
			sourceTree = "<group>";
		};
		EAB2C1D26070424859A074E4 /* Frameworks */ = {
			isa = PBXGroup;
			children = (
				C048527D197B6A1D702B052C /* Pods_Fibonacci_Fun.framework */,
				226699B2B633848ACF446F53 /* Pods_Fibonacci_FunTests.framework */,
				1DAD93C1FBA6734A9EF2BA01 /* Pods_Fibonacci_FunUITests.framework */,
			);
			name = Frameworks;
			sourceTree = "<group>";
		};
/* End PBXGroup section */

/* Begin PBXNativeTarget section */
		0333FCFE2127416C0040B548 /* Fibonacci Fun */ = {
			isa = PBXNativeTarget;
			buildConfigurationList = 0333FD272127416D0040B548 /* Build configuration list for PBXNativeTarget "Fibonacci Fun" */;
			buildPhases = (
				5669C7CC9739F351FB00440B /* [CP] Check Pods Manifest.lock */,
				0333FCFB2127416C0040B548 /* Sources */,
				0333FCFC2127416C0040B548 /* Frameworks */,
				0333FCFD2127416C0040B548 /* Resources */,
				ED0FBB7293260962F3860724 /* [CP] Embed Pods Frameworks */,
				E3E0082F7A3C46822ABB5672 /* [CP] Copy Pods Resources */,
			);
			buildRules = (
			);
			dependencies = (
			);
			name = "Fibonacci Fun";
			productName = "Fibonacci Fun";
			productReference = 0333FCFF2127416C0040B548 /* Fibonacci Fun.app */;
			productType = "com.apple.product-type.application";
		};
		0333FD122127416D0040B548 /* Fibonacci FunTests */ = {
			isa = PBXNativeTarget;
			buildConfigurationList = 0333FD2A2127416D0040B548 /* Build configuration list for PBXNativeTarget "Fibonacci FunTests" */;
			buildPhases = (
				6BC60DDB9CE20F800F754C2C /* [CP] Check Pods Manifest.lock */,
				0333FD0F2127416D0040B548 /* Sources */,
				0333FD102127416D0040B548 /* Frameworks */,
				0333FD112127416D0040B548 /* Resources */,
				8B4CB67DDDD95EB2417B4631 /* [CP] Embed Pods Frameworks */,
				7635EB88C3B590BC750A2AB2 /* [CP] Copy Pods Resources */,
			);
			buildRules = (
			);
			dependencies = (
				0333FD152127416D0040B548 /* PBXTargetDependency */,
			);
			name = "Fibonacci FunTests";
			productName = "Fibonacci FunTests";
			productReference = 0333FD132127416D0040B548 /* Fibonacci FunTests.xctest */;
			productType = "com.apple.product-type.bundle.unit-test";
		};
		0333FD1D2127416D0040B548 /* Fibonacci FunUITests */ = {
			isa = PBXNativeTarget;
			buildConfigurationList = 0333FD2D2127416D0040B548 /* Build configuration list for PBXNativeTarget "Fibonacci FunUITests" */;
			buildPhases = (
				90A1F0063FF501BCA233569A /* [CP] Check Pods Manifest.lock */,
				0333FD1A2127416D0040B548 /* Sources */,
				0333FD1B2127416D0040B548 /* Frameworks */,
				0333FD1C2127416D0040B548 /* Resources */,
				E7614D17AA947B6E7F05FD27 /* [CP] Embed Pods Frameworks */,
				18D2C8433F108441E9408144 /* [CP] Copy Pods Resources */,
			);
			buildRules = (
			);
			dependencies = (
				0333FD202127416D0040B548 /* PBXTargetDependency */,
			);
			name = "Fibonacci FunUITests";
			productName = "Fibonacci FunUITests";
			productReference = 0333FD1E2127416D0040B548 /* Fibonacci FunUITests.xctest */;
			productType = "com.apple.product-type.bundle.ui-testing";
		};
/* End PBXNativeTarget section */

/* Begin PBXProject section */
		0333FCF72127416C0040B548 /* Project object */ = {
			isa = PBXProject;
			attributes = {
				LastSwiftUpdateCheck = 0930;
				LastUpgradeCheck = 0930;
				ORGANIZATIONNAME = "George Brickley";
				TargetAttributes = {
					0333FCFE2127416C0040B548 = {
						CreatedOnToolsVersion = 9.3.1;
					};
					0333FD122127416D0040B548 = {
						CreatedOnToolsVersion = 9.3.1;
						TestTargetID = 0333FCFE2127416C0040B548;
					};
					0333FD1D2127416D0040B548 = {
						CreatedOnToolsVersion = 9.3.1;
						TestTargetID = 0333FCFE2127416C0040B548;
					};
				};
			};
			buildConfigurationList = 0333FCFA2127416C0040B548 /* Build configuration list for PBXProject "Fibonacci Fun" */;
			compatibilityVersion = "Xcode 9.3";
			developmentRegion = en;
			hasScannedForEncodings = 0;
			knownRegions = (
				en,
				Base,
			);
			mainGroup = 0333FCF62127416C0040B548;
			productRefGroup = 0333FD002127416C0040B548 /* Products */;
			projectDirPath = "";
			projectRoot = "";
			targets = (
				0333FCFE2127416C0040B548 /* Fibonacci Fun */,
				0333FD122127416D0040B548 /* Fibonacci FunTests */,
				0333FD1D2127416D0040B548 /* Fibonacci FunUITests */,
			);
		};
/* End PBXProject section */

/* Begin PBXResourcesBuildPhase section */
		0333FCFD2127416C0040B548 /* Resources */ = {
			isa = PBXResourcesBuildPhase;
			buildActionMask = 2147483647;
			files = (
				0333FD0D2127416D0040B548 /* LaunchScreen.storyboard in Resources */,
				0333FD0A2127416D0040B548 /* Assets.xcassets in Resources */,
				0333FD082127416C0040B548 /* Main.storyboard in Resources */,
			);
			runOnlyForDeploymentPostprocessing = 0;
		};
		0333FD112127416D0040B548 /* Resources */ = {
			isa = PBXResourcesBuildPhase;
			buildActionMask = 2147483647;
			files = (
			);
			runOnlyForDeploymentPostprocessing = 0;
		};
		0333FD1C2127416D0040B548 /* Resources */ = {
			isa = PBXResourcesBuildPhase;
			buildActionMask = 2147483647;
			files = (
			);
			runOnlyForDeploymentPostprocessing = 0;
		};
/* End PBXResourcesBuildPhase section */

/* Begin PBXShellScriptBuildPhase section */
		18D2C8433F108441E9408144 /* [CP] Copy Pods Resources */ = {
			isa = PBXShellScriptBuildPhase;
			buildActionMask = 2147483647;
			files = (
			);
			inputPaths = (
			);
			name = "[CP] Copy Pods Resources";
			outputPaths = (
			);
			runOnlyForDeploymentPostprocessing = 0;
			shellPath = /bin/sh;
			shellScript = "\"${SRCROOT}/Pods/Target Support Files/Pods-Fibonacci FunUITests/Pods-Fibonacci FunUITests-resources.sh\"\n";
			showEnvVarsInLog = 0;
		};
		5669C7CC9739F351FB00440B /* [CP] Check Pods Manifest.lock */ = {
			isa = PBXShellScriptBuildPhase;
			buildActionMask = 2147483647;
			files = (
			);
			inputPaths = (
				"${PODS_PODFILE_DIR_PATH}/Podfile.lock",
				"${PODS_ROOT}/Manifest.lock",
			);
			name = "[CP] Check Pods Manifest.lock";
			outputPaths = (
				"$(DERIVED_FILE_DIR)/Pods-Fibonacci Fun-checkManifestLockResult.txt",
			);
			runOnlyForDeploymentPostprocessing = 0;
			shellPath = /bin/sh;
			shellScript = "diff \"${PODS_PODFILE_DIR_PATH}/Podfile.lock\" \"${PODS_ROOT}/Manifest.lock\" > /dev/null\nif [ $? != 0 ] ; then\n    # print error to STDERR\n    echo \"error: The sandbox is not in sync with the Podfile.lock. Run 'pod install' or update your CocoaPods installation.\" >&2\n    exit 1\nfi\n# This output is used by Xcode 'outputs' to avoid re-running this script phase.\necho \"SUCCESS\" > \"${SCRIPT_OUTPUT_FILE_0}\"\n";
			showEnvVarsInLog = 0;
		};
		6BC60DDB9CE20F800F754C2C /* [CP] Check Pods Manifest.lock */ = {
			isa = PBXShellScriptBuildPhase;
			buildActionMask = 2147483647;
			files = (
			);
			inputPaths = (
				"${PODS_PODFILE_DIR_PATH}/Podfile.lock",
				"${PODS_ROOT}/Manifest.lock",
			);
			name = "[CP] Check Pods Manifest.lock";
			outputPaths = (
				"$(DERIVED_FILE_DIR)/Pods-Fibonacci FunTests-checkManifestLockResult.txt",
			);
			runOnlyForDeploymentPostprocessing = 0;
			shellPath = /bin/sh;
			shellScript = "diff \"${PODS_PODFILE_DIR_PATH}/Podfile.lock\" \"${PODS_ROOT}/Manifest.lock\" > /dev/null\nif [ $? != 0 ] ; then\n    # print error to STDERR\n    echo \"error: The sandbox is not in sync with the Podfile.lock. Run 'pod install' or update your CocoaPods installation.\" >&2\n    exit 1\nfi\n# This output is used by Xcode 'outputs' to avoid re-running this script phase.\necho \"SUCCESS\" > \"${SCRIPT_OUTPUT_FILE_0}\"\n";
			showEnvVarsInLog = 0;
		};
		7635EB88C3B590BC750A2AB2 /* [CP] Copy Pods Resources */ = {
			isa = PBXShellScriptBuildPhase;
			buildActionMask = 2147483647;
			files = (
			);
			inputPaths = (
			);
			name = "[CP] Copy Pods Resources";
			outputPaths = (
			);
			runOnlyForDeploymentPostprocessing = 0;
			shellPath = /bin/sh;
			shellScript = "\"${SRCROOT}/Pods/Target Support Files/Pods-Fibonacci FunTests/Pods-Fibonacci FunTests-resources.sh\"\n";
			showEnvVarsInLog = 0;
		};
		8B4CB67DDDD95EB2417B4631 /* [CP] Embed Pods Frameworks */ = {
			isa = PBXShellScriptBuildPhase;
			buildActionMask = 2147483647;
			files = (
			);
			inputPaths = (
				"${SRCROOT}/Pods/Target Support Files/Pods-Fibonacci FunTests/Pods-Fibonacci FunTests-frameworks.sh",
				"${BUILT_PRODUCTS_DIR}/BigNumber/BigNumber.framework",
			);
			name = "[CP] Embed Pods Frameworks";
			outputPaths = (
				"${TARGET_BUILD_DIR}/${FRAMEWORKS_FOLDER_PATH}/BigNumber.framework",
			);
			runOnlyForDeploymentPostprocessing = 0;
			shellPath = /bin/sh;
			shellScript = "\"${SRCROOT}/Pods/Target Support Files/Pods-Fibonacci FunTests/Pods-Fibonacci FunTests-frameworks.sh\"\n";
			showEnvVarsInLog = 0;
		};
		90A1F0063FF501BCA233569A /* [CP] Check Pods Manifest.lock */ = {
			isa = PBXShellScriptBuildPhase;
			buildActionMask = 2147483647;
			files = (
			);
			inputPaths = (
				"${PODS_PODFILE_DIR_PATH}/Podfile.lock",
				"${PODS_ROOT}/Manifest.lock",
			);
			name = "[CP] Check Pods Manifest.lock";
			outputPaths = (
				"$(DERIVED_FILE_DIR)/Pods-Fibonacci FunUITests-checkManifestLockResult.txt",
			);
			runOnlyForDeploymentPostprocessing = 0;
			shellPath = /bin/sh;
			shellScript = "diff \"${PODS_PODFILE_DIR_PATH}/Podfile.lock\" \"${PODS_ROOT}/Manifest.lock\" > /dev/null\nif [ $? != 0 ] ; then\n    # print error to STDERR\n    echo \"error: The sandbox is not in sync with the Podfile.lock. Run 'pod install' or update your CocoaPods installation.\" >&2\n    exit 1\nfi\n# This output is used by Xcode 'outputs' to avoid re-running this script phase.\necho \"SUCCESS\" > \"${SCRIPT_OUTPUT_FILE_0}\"\n";
			showEnvVarsInLog = 0;
		};
		E3E0082F7A3C46822ABB5672 /* [CP] Copy Pods Resources */ = {
			isa = PBXShellScriptBuildPhase;
			buildActionMask = 2147483647;
			files = (
			);
			inputPaths = (
			);
			name = "[CP] Copy Pods Resources";
			outputPaths = (
			);
			runOnlyForDeploymentPostprocessing = 0;
			shellPath = /bin/sh;
			shellScript = "\"${SRCROOT}/Pods/Target Support Files/Pods-Fibonacci Fun/Pods-Fibonacci Fun-resources.sh\"\n";
			showEnvVarsInLog = 0;
		};
		E7614D17AA947B6E7F05FD27 /* [CP] Embed Pods Frameworks */ = {
			isa = PBXShellScriptBuildPhase;
			buildActionMask = 2147483647;
			files = (
			);
			inputPaths = (
			);
			name = "[CP] Embed Pods Frameworks";
			outputPaths = (
			);
			runOnlyForDeploymentPostprocessing = 0;
			shellPath = /bin/sh;
			shellScript = "\"${SRCROOT}/Pods/Target Support Files/Pods-Fibonacci FunUITests/Pods-Fibonacci FunUITests-frameworks.sh\"\n";
			showEnvVarsInLog = 0;
		};
		ED0FBB7293260962F3860724 /* [CP] Embed Pods Frameworks */ = {
			isa = PBXShellScriptBuildPhase;
			buildActionMask = 2147483647;
			files = (
			);
			inputPaths = (
				"${SRCROOT}/Pods/Target Support Files/Pods-Fibonacci Fun/Pods-Fibonacci Fun-frameworks.sh",
				"${BUILT_PRODUCTS_DIR}/BigNumber/BigNumber.framework",
				"${BUILT_PRODUCTS_DIR}/EmptyDataSet-Swift/EmptyDataSet_Swift.framework",
				"${BUILT_PRODUCTS_DIR}/MBProgressHUD/MBProgressHUD.framework",
				"${BUILT_PRODUCTS_DIR}/MPNumericTextField/MPNumericTextField.framework",
			);
			name = "[CP] Embed Pods Frameworks";
			outputPaths = (
				"${TARGET_BUILD_DIR}/${FRAMEWORKS_FOLDER_PATH}/BigNumber.framework",
				"${TARGET_BUILD_DIR}/${FRAMEWORKS_FOLDER_PATH}/EmptyDataSet_Swift.framework",
				"${TARGET_BUILD_DIR}/${FRAMEWORKS_FOLDER_PATH}/MBProgressHUD.framework",
				"${TARGET_BUILD_DIR}/${FRAMEWORKS_FOLDER_PATH}/MPNumericTextField.framework",
			);
			runOnlyForDeploymentPostprocessing = 0;
			shellPath = /bin/sh;
			shellScript = "\"${SRCROOT}/Pods/Target Support Files/Pods-Fibonacci Fun/Pods-Fibonacci Fun-frameworks.sh\"\n";
			showEnvVarsInLog = 0;
		};
/* End PBXShellScriptBuildPhase section */

/* Begin PBXSourcesBuildPhase section */
		0333FCFB2127416C0040B548 /* Sources */ = {
			isa = PBXSourcesBuildPhase;
			buildActionMask = 2147483647;
			files = (
				0333FD032127416C0040B548 /* AppDelegate.swift in Sources */,
				0333FD37212744020040B548 /* FibonacciCalculator.swift in Sources */,
				0333FD5D212A09A80040B548 /* Double+Fib.swift in Sources */,
				0333FD3A212745620040B548 /* FibonacciCalculationResult.swift in Sources */,
				0333FD572128E10A0040B548 /* CalculationHistoryManager.swift in Sources */,
				0333FD3E21276DDD0040B548 /* SuperInt.swift in Sources */,
				0333FD592128E2F40040B548 /* HistoryViewController.swift in Sources */,
				0333FD482127C3F20040B548 /* String+SuperInt.swift in Sources */,
				0333FD5221287D140040B548 /* TimeInterval+Fib.swift in Sources */,
				0333FD4D21286E020040B548 /* SequenceCell.swift in Sources */,
				0333FD5B2128E3DD0040B548 /* HistoryCell.swift in Sources */,
				0333FD35212743DE0040B548 /* HomeViewController.swift in Sources */,
				0333FD50212873190040B548 /* UITableView+Fib.swift in Sources */,
				0333FD40212773370040B548 /* SuperIntCalculator.swift in Sources */,
				0333FD542128DE070040B548 /* UIViewController+Fib.swift in Sources */,
				0333FD462127B7C80040B548 /* SuperIntNumberFormatter.swift in Sources */,
			);
			runOnlyForDeploymentPostprocessing = 0;
		};
		0333FD0F2127416D0040B548 /* Sources */ = {
			isa = PBXSourcesBuildPhase;
			buildActionMask = 2147483647;
			files = (
				0333FD3C212753310040B548 /* FibonacciCalculatorTests.swift in Sources */,
				0333FD4221277B0D0040B548 /* SuperIntCalculatorTests.swift in Sources */,
			);
			runOnlyForDeploymentPostprocessing = 0;
		};
		0333FD1A2127416D0040B548 /* Sources */ = {
			isa = PBXSourcesBuildPhase;
			buildActionMask = 2147483647;
			files = (
				0333FD232127416D0040B548 /* Fibonacci_FunUITests.swift in Sources */,
			);
			runOnlyForDeploymentPostprocessing = 0;
		};
/* End PBXSourcesBuildPhase section */

/* Begin PBXTargetDependency section */
		0333FD152127416D0040B548 /* PBXTargetDependency */ = {
			isa = PBXTargetDependency;
			target = 0333FCFE2127416C0040B548 /* Fibonacci Fun */;
			targetProxy = 0333FD142127416D0040B548 /* PBXContainerItemProxy */;
		};
		0333FD202127416D0040B548 /* PBXTargetDependency */ = {
			isa = PBXTargetDependency;
			target = 0333FCFE2127416C0040B548 /* Fibonacci Fun */;
			targetProxy = 0333FD1F2127416D0040B548 /* PBXContainerItemProxy */;
		};
/* End PBXTargetDependency section */

/* Begin PBXVariantGroup section */
		0333FD062127416C0040B548 /* Main.storyboard */ = {
			isa = PBXVariantGroup;
			children = (
				0333FD072127416C0040B548 /* Base */,
			);
			name = Main.storyboard;
			sourceTree = "<group>";
		};
		0333FD0B2127416D0040B548 /* LaunchScreen.storyboard */ = {
			isa = PBXVariantGroup;
			children = (
				0333FD0C2127416D0040B548 /* Base */,
			);
			name = LaunchScreen.storyboard;
			sourceTree = "<group>";
		};
/* End PBXVariantGroup section */

/* Begin XCBuildConfiguration section */
		0333FD252127416D0040B548 /* Debug */ = {
			isa = XCBuildConfiguration;
			buildSettings = {
				ALWAYS_SEARCH_USER_PATHS = NO;
				CLANG_ANALYZER_NONNULL = YES;
				CLANG_ANALYZER_NUMBER_OBJECT_CONVERSION = YES_AGGRESSIVE;
				CLANG_CXX_LANGUAGE_STANDARD = "gnu++14";
				CLANG_CXX_LIBRARY = "libc++";
				CLANG_ENABLE_MODULES = YES;
				CLANG_ENABLE_OBJC_ARC = YES;
				CLANG_ENABLE_OBJC_WEAK = YES;
				CLANG_WARN_BLOCK_CAPTURE_AUTORELEASING = YES;
				CLANG_WARN_BOOL_CONVERSION = YES;
				CLANG_WARN_COMMA = YES;
				CLANG_WARN_CONSTANT_CONVERSION = YES;
				CLANG_WARN_DEPRECATED_OBJC_IMPLEMENTATIONS = YES;
				CLANG_WARN_DIRECT_OBJC_ISA_USAGE = YES_ERROR;
				CLANG_WARN_DOCUMENTATION_COMMENTS = YES;
				CLANG_WARN_EMPTY_BODY = YES;
				CLANG_WARN_ENUM_CONVERSION = YES;
				CLANG_WARN_INFINITE_RECURSION = YES;
				CLANG_WARN_INT_CONVERSION = YES;
				CLANG_WARN_NON_LITERAL_NULL_CONVERSION = YES;
				CLANG_WARN_OBJC_IMPLICIT_RETAIN_SELF = YES;
				CLANG_WARN_OBJC_LITERAL_CONVERSION = YES;
				CLANG_WARN_OBJC_ROOT_CLASS = YES_ERROR;
				CLANG_WARN_RANGE_LOOP_ANALYSIS = YES;
				CLANG_WARN_STRICT_PROTOTYPES = YES;
				CLANG_WARN_SUSPICIOUS_MOVE = YES;
				CLANG_WARN_UNGUARDED_AVAILABILITY = YES_AGGRESSIVE;
				CLANG_WARN_UNREACHABLE_CODE = YES;
				CLANG_WARN__DUPLICATE_METHOD_MATCH = YES;
				CODE_SIGN_IDENTITY = "iPhone Developer";
				COPY_PHASE_STRIP = NO;
				DEBUG_INFORMATION_FORMAT = dwarf;
				ENABLE_STRICT_OBJC_MSGSEND = YES;
				ENABLE_TESTABILITY = YES;
				GCC_C_LANGUAGE_STANDARD = gnu11;
				GCC_DYNAMIC_NO_PIC = NO;
				GCC_NO_COMMON_BLOCKS = YES;
				GCC_OPTIMIZATION_LEVEL = 0;
				GCC_PREPROCESSOR_DEFINITIONS = (
					"DEBUG=1",
					"$(inherited)",
				);
				GCC_WARN_64_TO_32_BIT_CONVERSION = YES;
				GCC_WARN_ABOUT_RETURN_TYPE = YES_ERROR;
				GCC_WARN_UNDECLARED_SELECTOR = YES;
				GCC_WARN_UNINITIALIZED_AUTOS = YES_AGGRESSIVE;
				GCC_WARN_UNUSED_FUNCTION = YES;
				GCC_WARN_UNUSED_VARIABLE = YES;
				IPHONEOS_DEPLOYMENT_TARGET = 11.3;
				MTL_ENABLE_DEBUG_INFO = YES;
				ONLY_ACTIVE_ARCH = YES;
				SDKROOT = iphoneos;
				SWIFT_ACTIVE_COMPILATION_CONDITIONS = DEBUG;
				SWIFT_OPTIMIZATION_LEVEL = "-Onone";
			};
			name = Debug;
		};
		0333FD262127416D0040B548 /* Release */ = {
			isa = XCBuildConfiguration;
			buildSettings = {
				ALWAYS_SEARCH_USER_PATHS = NO;
				CLANG_ANALYZER_NONNULL = YES;
				CLANG_ANALYZER_NUMBER_OBJECT_CONVERSION = YES_AGGRESSIVE;
				CLANG_CXX_LANGUAGE_STANDARD = "gnu++14";
				CLANG_CXX_LIBRARY = "libc++";
				CLANG_ENABLE_MODULES = YES;
				CLANG_ENABLE_OBJC_ARC = YES;
				CLANG_ENABLE_OBJC_WEAK = YES;
				CLANG_WARN_BLOCK_CAPTURE_AUTORELEASING = YES;
				CLANG_WARN_BOOL_CONVERSION = YES;
				CLANG_WARN_COMMA = YES;
				CLANG_WARN_CONSTANT_CONVERSION = YES;
				CLANG_WARN_DEPRECATED_OBJC_IMPLEMENTATIONS = YES;
				CLANG_WARN_DIRECT_OBJC_ISA_USAGE = YES_ERROR;
				CLANG_WARN_DOCUMENTATION_COMMENTS = YES;
				CLANG_WARN_EMPTY_BODY = YES;
				CLANG_WARN_ENUM_CONVERSION = YES;
				CLANG_WARN_INFINITE_RECURSION = YES;
				CLANG_WARN_INT_CONVERSION = YES;
				CLANG_WARN_NON_LITERAL_NULL_CONVERSION = YES;
				CLANG_WARN_OBJC_IMPLICIT_RETAIN_SELF = YES;
				CLANG_WARN_OBJC_LITERAL_CONVERSION = YES;
				CLANG_WARN_OBJC_ROOT_CLASS = YES_ERROR;
				CLANG_WARN_RANGE_LOOP_ANALYSIS = YES;
				CLANG_WARN_STRICT_PROTOTYPES = YES;
				CLANG_WARN_SUSPICIOUS_MOVE = YES;
				CLANG_WARN_UNGUARDED_AVAILABILITY = YES_AGGRESSIVE;
				CLANG_WARN_UNREACHABLE_CODE = YES;
				CLANG_WARN__DUPLICATE_METHOD_MATCH = YES;
				CODE_SIGN_IDENTITY = "iPhone Developer";
				COPY_PHASE_STRIP = NO;
				DEBUG_INFORMATION_FORMAT = "dwarf-with-dsym";
				ENABLE_NS_ASSERTIONS = NO;
				ENABLE_STRICT_OBJC_MSGSEND = YES;
				GCC_C_LANGUAGE_STANDARD = gnu11;
				GCC_NO_COMMON_BLOCKS = YES;
				GCC_WARN_64_TO_32_BIT_CONVERSION = YES;
				GCC_WARN_ABOUT_RETURN_TYPE = YES_ERROR;
				GCC_WARN_UNDECLARED_SELECTOR = YES;
				GCC_WARN_UNINITIALIZED_AUTOS = YES_AGGRESSIVE;
				GCC_WARN_UNUSED_FUNCTION = YES;
				GCC_WARN_UNUSED_VARIABLE = YES;
				IPHONEOS_DEPLOYMENT_TARGET = 11.3;
				MTL_ENABLE_DEBUG_INFO = NO;
				SDKROOT = iphoneos;
				SWIFT_COMPILATION_MODE = wholemodule;
				SWIFT_OPTIMIZATION_LEVEL = "-O";
				VALIDATE_PRODUCT = YES;
			};
			name = Release;
		};
		0333FD282127416D0040B548 /* Debug */ = {
			isa = XCBuildConfiguration;
			baseConfigurationReference = 2E776B61B78E7E8D3394EF9D /* Pods-Fibonacci Fun.debug.xcconfig */;
			buildSettings = {
				ASSETCATALOG_COMPILER_APPICON_NAME = AppIcon;
				CODE_SIGN_STYLE = Automatic;
				DEVELOPMENT_TEAM = 2YGDKQVDC6;
				INFOPLIST_FILE = "Fibonacci Fun/Info.plist";
				LD_RUNPATH_SEARCH_PATHS = (
					"$(inherited)",
					"@executable_path/Frameworks",
				);
				PRODUCT_BUNDLE_IDENTIFIER = "GHB.Fibonacci-Fun";
				PRODUCT_NAME = "$(TARGET_NAME)";
				SWIFT_VERSION = 4.0;
				TARGETED_DEVICE_FAMILY = "1,2";
			};
			name = Debug;
		};
		0333FD292127416D0040B548 /* Release */ = {
			isa = XCBuildConfiguration;
			baseConfigurationReference = B85D38E3CA48250AB7EA2A7F /* Pods-Fibonacci Fun.release.xcconfig */;
			buildSettings = {
				ASSETCATALOG_COMPILER_APPICON_NAME = AppIcon;
				CODE_SIGN_STYLE = Automatic;
				DEVELOPMENT_TEAM = 2YGDKQVDC6;
				INFOPLIST_FILE = "Fibonacci Fun/Info.plist";
				LD_RUNPATH_SEARCH_PATHS = (
					"$(inherited)",
					"@executable_path/Frameworks",
				);
				PRODUCT_BUNDLE_IDENTIFIER = "GHB.Fibonacci-Fun";
				PRODUCT_NAME = "$(TARGET_NAME)";
				SWIFT_VERSION = 4.0;
				TARGETED_DEVICE_FAMILY = "1,2";
			};
			name = Release;
		};
		0333FD2B2127416D0040B548 /* Debug */ = {
			isa = XCBuildConfiguration;
			baseConfigurationReference = 2E317F7C62101E99E330CC1B /* Pods-Fibonacci FunTests.debug.xcconfig */;
			buildSettings = {
				ALWAYS_EMBED_SWIFT_STANDARD_LIBRARIES = YES;
				BUNDLE_LOADER = "$(TEST_HOST)";
				CODE_SIGN_STYLE = Automatic;
				DEVELOPMENT_TEAM = 2YGDKQVDC6;
				INFOPLIST_FILE = "Fibonacci FunTests/Info.plist";
				LD_RUNPATH_SEARCH_PATHS = (
					"$(inherited)",
					"@executable_path/Frameworks",
					"@loader_path/Frameworks",
				);
				PRODUCT_BUNDLE_IDENTIFIER = "GHB.Fibonacci-FunTests";
				PRODUCT_NAME = "$(TARGET_NAME)";
				SWIFT_VERSION = 4.0;
				TARGETED_DEVICE_FAMILY = "1,2";
				TEST_HOST = "$(BUILT_PRODUCTS_DIR)/Fibonacci Fun.app/Fibonacci Fun";
			};
			name = Debug;
		};
		0333FD2C2127416D0040B548 /* Release */ = {
			isa = XCBuildConfiguration;
			baseConfigurationReference = 4355DD8DC56B9622FCE54A78 /* Pods-Fibonacci FunTests.release.xcconfig */;
			buildSettings = {
				ALWAYS_EMBED_SWIFT_STANDARD_LIBRARIES = YES;
				BUNDLE_LOADER = "$(TEST_HOST)";
				CODE_SIGN_STYLE = Automatic;
				DEVELOPMENT_TEAM = 2YGDKQVDC6;
				INFOPLIST_FILE = "Fibonacci FunTests/Info.plist";
				LD_RUNPATH_SEARCH_PATHS = (
					"$(inherited)",
					"@executable_path/Frameworks",
					"@loader_path/Frameworks",
				);
				PRODUCT_BUNDLE_IDENTIFIER = "GHB.Fibonacci-FunTests";
				PRODUCT_NAME = "$(TARGET_NAME)";
				SWIFT_VERSION = 4.0;
				TARGETED_DEVICE_FAMILY = "1,2";
				TEST_HOST = "$(BUILT_PRODUCTS_DIR)/Fibonacci Fun.app/Fibonacci Fun";
			};
			name = Release;
		};
		0333FD2E2127416D0040B548 /* Debug */ = {
			isa = XCBuildConfiguration;
			baseConfigurationReference = 837B4EC58EE0E0A2567D4A5E /* Pods-Fibonacci FunUITests.debug.xcconfig */;
			buildSettings = {
				ALWAYS_EMBED_SWIFT_STANDARD_LIBRARIES = YES;
				CODE_SIGN_STYLE = Automatic;
				DEVELOPMENT_TEAM = 2YGDKQVDC6;
				INFOPLIST_FILE = "Fibonacci FunUITests/Info.plist";
				LD_RUNPATH_SEARCH_PATHS = (
					"$(inherited)",
					"@executable_path/Frameworks",
					"@loader_path/Frameworks",
				);
				PRODUCT_BUNDLE_IDENTIFIER = "GHB.Fibonacci-FunUITests";
				PRODUCT_NAME = "$(TARGET_NAME)";
				SWIFT_VERSION = 4.0;
				TARGETED_DEVICE_FAMILY = "1,2";
				TEST_TARGET_NAME = "Fibonacci Fun";
			};
			name = Debug;
		};
		0333FD2F2127416D0040B548 /* Release */ = {
			isa = XCBuildConfiguration;
			baseConfigurationReference = 99C603B70186BE293871E37B /* Pods-Fibonacci FunUITests.release.xcconfig */;
			buildSettings = {
				ALWAYS_EMBED_SWIFT_STANDARD_LIBRARIES = YES;
				CODE_SIGN_STYLE = Automatic;
				DEVELOPMENT_TEAM = 2YGDKQVDC6;
				INFOPLIST_FILE = "Fibonacci FunUITests/Info.plist";
				LD_RUNPATH_SEARCH_PATHS = (
					"$(inherited)",
					"@executable_path/Frameworks",
					"@loader_path/Frameworks",
				);
				PRODUCT_BUNDLE_IDENTIFIER = "GHB.Fibonacci-FunUITests";
				PRODUCT_NAME = "$(TARGET_NAME)";
				SWIFT_VERSION = 4.0;
				TARGETED_DEVICE_FAMILY = "1,2";
				TEST_TARGET_NAME = "Fibonacci Fun";
			};
			name = Release;
		};
/* End XCBuildConfiguration section */

/* Begin XCConfigurationList section */
		0333FCFA2127416C0040B548 /* Build configuration list for PBXProject "Fibonacci Fun" */ = {
			isa = XCConfigurationList;
			buildConfigurations = (
				0333FD252127416D0040B548 /* Debug */,
				0333FD262127416D0040B548 /* Release */,
			);
			defaultConfigurationIsVisible = 0;
			defaultConfigurationName = Release;
		};
		0333FD272127416D0040B548 /* Build configuration list for PBXNativeTarget "Fibonacci Fun" */ = {
			isa = XCConfigurationList;
			buildConfigurations = (
				0333FD282127416D0040B548 /* Debug */,
				0333FD292127416D0040B548 /* Release */,
			);
			defaultConfigurationIsVisible = 0;
			defaultConfigurationName = Release;
		};
		0333FD2A2127416D0040B548 /* Build configuration list for PBXNativeTarget "Fibonacci FunTests" */ = {
			isa = XCConfigurationList;
			buildConfigurations = (
				0333FD2B2127416D0040B548 /* Debug */,
				0333FD2C2127416D0040B548 /* Release */,
			);
			defaultConfigurationIsVisible = 0;
			defaultConfigurationName = Release;
		};
		0333FD2D2127416D0040B548 /* Build configuration list for PBXNativeTarget "Fibonacci FunUITests" */ = {
			isa = XCConfigurationList;
			buildConfigurations = (
				0333FD2E2127416D0040B548 /* Debug */,
				0333FD2F2127416D0040B548 /* Release */,
			);
			defaultConfigurationIsVisible = 0;
			defaultConfigurationName = Release;
		};
/* End XCConfigurationList section */
	};
	rootObject = 0333FCF72127416C0040B548 /* Project object */;
}
